{
  "name": "b64u-fast",
  "version": "1.0.0",
  "lockfileVersion": 1,
  "requires": true,
  "dependencies": {
    "b64u": {
      "version": "3.0.0",
      "resolved": "https://registry.npmjs.org/b64u/-/b64u-3.0.0.tgz",
      "integrity": "sha512-EBzvQ9RbYl9ZFTVswkTsHrFzRiwp6e56M2MoxRHcGU00d14XWefkoEsVLOrNJw8WHnWUTM/QvbsC3VtNHwls5w=="
    }
  }
}
